dependencies:
- name: prometheus
  repository: https://kubernetes-charts.storage.googleapis.com/
  version: 5.3.1
- name: mongodb-replicaset
  repository: https://kubernetes-charts.storage.googleapis.com/
  version: 2.2.1
- name: redis
  repository: https://kubernetes-charts.storage.googleapis.com/
  version: 1.1.12
- name: kafka
  repository: http://storage.googleapis.com/kubernetes-charts-incubator
  version: 0.7.1
- name: zookeeper
  repository: http://storage.googleapis.com/kubernetes-charts-incubator
  version: 1.0.0
- name: redis-ha
  repository: https://kubernetes-charts.storage.googleapis.com/
  version: 2.2.0
- name: grafana
  repository: https://kubernetes-charts.storage.googleapis.com/
  version: 1.11.6
- name: backbeat
  repository: file://../backbeat
  version: 0.1.0
- name: s3-data
  repository: file://../s3-data
  version: 0.1.0
- name: cloudserver-front
  repository: file://../cloudserver-front
  version: 0.1.4
- name: zenko-filer
  repository: file://../zenko-filer
  version: 0.1.0
digest: sha256:c64935cb4ba3b4abde0012bb02c012b91a048063c1d89d62417be37d80e3c637
generated: 2018-07-17T17:45:24.386235309-07:00
